// !$*UTF8*$!
{
	archiveVersion = 1;
	classes = {
	};
	objectVersion = 77;
	objects = {

/* Begin PBXBuildFile section */
		5E3D00762DEE5AF3009274AC /* Pods_godot_google_signin_ios.framework in Frameworks */ = {isa = PBXBuildFile; fileRef = DAF5AAC99D32A7AF87A2E9CF /* Pods_godot_google_signin_ios.framework */; };
/* End PBXBuildFile section */

/* Begin PBXCopyFilesBuildPhase section */
		5E3DBF992DE89DB5009274AC /* CopyFiles */ = {
			isa = PBXCopyFilesBuildPhase;
			buildActionMask = 2147483647;
			dstPath = "include/$(PRODUCT_NAME)";
			dstSubfolderSpec = 16;
			files = (
			);
			runOnlyForDeploymentPostprocessing = 0;
		};
/* End PBXCopyFilesBuildPhase section */

/* Begin PBXFileReference section */
		510B683D4E2E82E168CD1095 /* Pods-godot-google-signin-ios.release.xcconfig */ = {isa = PBXFileReference; includeInIndex = 1; lastKnownFileType = text.xcconfig; name = "Pods-godot-google-signin-ios.release.xcconfig"; path = "Target Support Files/Pods-godot-google-signin-ios/Pods-godot-google-signin-ios.release.xcconfig"; sourceTree = "<group>"; };
		5E3D00702DEE22AE009274AC /* generate_headers.sh */ = {isa = PBXFileReference; lastKnownFileType = text.script.sh; path = generate_headers.sh; sourceTree = "<group>"; };
		5E3D00722DEE22AE009274AC /* make_release.sh */ = {isa = PBXFileReference; lastKnownFileType = text.script.sh; path = make_release.sh; sourceTree = "<group>"; };
		5E3D00732DEE22AE009274AC /* timeout */ = {isa = PBXFileReference; lastKnownFileType = text.script.sh; path = timeout; sourceTree = "<group>"; };
		5E3D00752DEE31AD009274AC /* README.md */ = {isa = PBXFileReference; lastKnownFileType = net.daringfireball.markdown; path = README.md; sourceTree = "<group>"; };
		5E3DBF9B2DE89DB5009274AC /* libgodot-google-signin-ios.a */ = {isa = PBXFileReference; explicitFileType = archive.ar; includeInIndex = 0; path = "libgodot-google-signin-ios.a"; sourceTree = BUILT_PRODUCTS_DIR; };
		C02447390DB7149D7F96A1E0 /* Pods-godot-google-signin-ios.debug.xcconfig */ = {isa = PBXFileReference; includeInIndex = 1; lastKnownFileType = text.xcconfig; name = "Pods-godot-google-signin-ios.debug.xcconfig"; path = "Target Support Files/Pods-godot-google-signin-ios/Pods-godot-google-signin-ios.debug.xcconfig"; sourceTree = "<group>"; };
		DAF5AAC99D32A7AF87A2E9CF /* Pods_godot_google_signin_ios.framework */ = {isa = PBXFileReference; explicitFileType = wrapper.framework; includeInIndex = 0; path = Pods_godot_google_signin_ios.framework; sourceTree = BUILT_PRODUCTS_DIR; };
/* End PBXFileReference section */

/* Begin PBXFileSystemSynchronizedRootGroup section */
		5E3DBF9D2DE89DB5009274AC /* godot-google-signin-ios */ = {
			isa = PBXFileSystemSynchronizedRootGroup;
			path = "godot-google-signin-ios";
			sourceTree = "<group>";
		};
/* End PBXFileSystemSynchronizedRootGroup section */

/* Begin PBXFrameworksBuildPhase section */
		5E3DBF982DE89DB5009274AC /* Frameworks */ = {
			isa = PBXFrameworksBuildPhase;
			buildActionMask = 2147483647;
			files = (
				5E3D00762DEE5AF3009274AC /* Pods_godot_google_signin_ios.framework in Frameworks */,
			);
			runOnlyForDeploymentPostprocessing = 0;
		};
/* End PBXFrameworksBuildPhase section */

/* Begin PBXGroup section */
		2AFB5C459C95D563E2C591EF /* Frameworks */ = {
			isa = PBXGroup;
			children = (
				DAF5AAC99D32A7AF87A2E9CF /* Pods_godot_google_signin_ios.framework */,
			);
			name = Frameworks;
			sourceTree = "<group>";
		};
		5E3D00742DEE22AE009274AC /* scripts */ = {
			isa = PBXGroup;
			children = (
				5E3D00702DEE22AE009274AC /* generate_headers.sh */,
				5E3D00722DEE22AE009274AC /* make_release.sh */,
				5E3D00732DEE22AE009274AC /* timeout */,
			);
			path = scripts;
			sourceTree = "<group>";
		};
		5E3DBF922DE89DB5009274AC = {
			isa = PBXGroup;
			children = (
				5E3D00752DEE31AD009274AC /* README.md */,
				5E3DBF9D2DE89DB5009274AC /* godot-google-signin-ios */,
				5E3D00742DEE22AE009274AC /* scripts */,
				5E3DBF9C2DE89DB5009274AC /* Products */,
				A47E2CFCDDED4FB70D9279C7 /* Pods */,
				2AFB5C459C95D563E2C591EF /* Frameworks */,
			);
			sourceTree = "<group>";
		};
		5E3DBF9C2DE89DB5009274AC /* Products */ = {
			isa = PBXGroup;
			children = (
				5E3DBF9B2DE89DB5009274AC /* libgodot-google-signin-ios.a */,
			);
			name = Products;
			sourceTree = "<group>";
		};
		A47E2CFCDDED4FB70D9279C7 /* Pods */ = {
			isa = PBXGroup;
			children = (
				C02447390DB7149D7F96A1E0 /* Pods-godot-google-signin-ios.debug.xcconfig */,
				510B683D4E2E82E168CD1095 /* Pods-godot-google-signin-ios.release.xcconfig */,
			);
			path = Pods;
			sourceTree = "<group>";
		};
/* End PBXGroup section */

/* Begin PBXNativeTarget section */
		5E3DBF9A2DE89DB5009274AC /* godot-google-signin-ios */ = {
			isa = PBXNativeTarget;
			buildConfigurationList = 5E3DBFA52DE89DB5009274AC /* Build configuration list for PBXNativeTarget "godot-google-signin-ios" */;
			buildPhases = (
				41241E1B3D475FDB8999CD28 /* [CP] Check Pods Manifest.lock */,
				5E3DBF972DE89DB5009274AC /* Sources */,
				5E3DBF982DE89DB5009274AC /* Frameworks */,
				5E3DBF992DE89DB5009274AC /* CopyFiles */,
			);
			buildRules = (
			);
			dependencies = (
			);
			fileSystemSynchronizedGroups = (
				5E3DBF9D2DE89DB5009274AC /* godot-google-signin-ios */,
			);
			name = "godot-google-signin-ios";
			productName = "godot-google-signin-ios";
			productReference = 5E3DBF9B2DE89DB5009274AC /* libgodot-google-signin-ios.a */;
			productType = "com.apple.product-type.library.static";
		};
/* End PBXNativeTarget section */

/* Begin PBXProject section */
		5E3DBF932DE89DB5009274AC /* Project object */ = {
			isa = PBXProject;
			attributes = {
				BuildIndependentTargetsInParallel = 1;
				LastUpgradeCheck = 1640;
				TargetAttributes = {
					5E3DBF9A2DE89DB5009274AC = {
						CreatedOnToolsVersion = 16.4;
					};
				};
			};
			buildConfigurationList = 5E3DBF962DE89DB5009274AC /* Build configuration list for PBXProject "godot-google-signin-ios" */;
			developmentRegion = en;
			hasScannedForEncodings = 0;
			knownRegions = (
				en,
				Base,
			);
			mainGroup = 5E3DBF922DE89DB5009274AC;
			minimizedProjectReferenceProxies = 1;
			preferredProjectObjectVersion = 77;
			productRefGroup = 5E3DBF9C2DE89DB5009274AC /* Products */;
			projectDirPath = "";
			projectRoot = "";
			targets = (
				5E3DBF9A2DE89DB5009274AC /* godot-google-signin-ios */,
			);
		};
/* End PBXProject section */

/* Begin PBXShellScriptBuildPhase section */
		41241E1B3D475FDB8999CD28 /* [CP] Check Pods Manifest.lock */ = {
			isa = PBXShellScriptBuildPhase;
			buildActionMask = 2147483647;
			files = (
			);
			inputFileListPaths = (
			);
			inputPaths = (
				"${PODS_PODFILE_DIR_PATH}/Podfile.lock",
				"${PODS_ROOT}/Manifest.lock",
			);
			name = "[CP] Check Pods Manifest.lock";
			outputFileListPaths = (
			);
			outputPaths = (
				"$(DERIVED_FILE_DIR)/Pods-godot-google-signin-ios-checkManifestLockResult.txt",
			);
			runOnlyForDeploymentPostprocessing = 0;
			shellPath = /bin/sh;
			shellScript = "diff \"${PODS_PODFILE_DIR_PATH}/Podfile.lock\" \"${PODS_ROOT}/Manifest.lock\" > /dev/null\nif [ $? != 0 ] ; then\n    # print error to STDERR\n    echo \"error: The sandbox is not in sync with the Podfile.lock. Run 'pod install' or update your CocoaPods installation.\" >&2\n    exit 1\nfi\n# This output is used by Xcode 'outputs' to avoid re-running this script phase.\necho \"SUCCESS\" > \"${SCRIPT_OUTPUT_FILE_0}\"\n";
			showEnvVarsInLog = 0;
		};
/* End PBXShellScriptBuildPhase section */

/* Begin PBXSourcesBuildPhase section */
		5E3DBF972DE89DB5009274AC /* Sources */ = {
			isa = PBXSourcesBuildPhase;
			buildActionMask = 2147483647;
			files = (
			);
			runOnlyForDeploymentPostprocessing = 0;
		};
/* End PBXSourcesBuildPhase section */

/* Begin XCBuildConfiguration section */
		5E3DBFA32DE89DB5009274AC /* Debug */ = {
			isa = XCBuildConfiguration;
			buildSettings = {
				ALWAYS_SEARCH_USER_PATHS = NO;
				ASSETCATALOG_COMPILER_GENERATE_SWIFT_ASSET_SYMBOL_EXTENSIONS = YES;
				CLANG_ANALYZER_NONNULL = YES;
				CLANG_ANALYZER_NUMBER_OBJECT_CONVERSION = YES_AGGRESSIVE;
				CLANG_CXX_LANGUAGE_STANDARD = "gnu++20";
				CLANG_ENABLE_MODULES = YES;
				CLANG_ENABLE_OBJC_ARC = YES;
				CLANG_ENABLE_OBJC_WEAK = YES;
				CLANG_WARN_BLOCK_CAPTURE_AUTORELEASING = YES;
				CLANG_WARN_BOOL_CONVERSION = YES;
				CLANG_WARN_COMMA = YES;
				CLANG_WARN_CONSTANT_CONVERSION = YES;
				CLANG_WARN_DEPRECATED_OBJC_IMPLEMENTATIONS = YES;
				CLANG_WARN_DIRECT_OBJC_ISA_USAGE = YES_ERROR;
				CLANG_WARN_DOCUMENTATION_COMMENTS = YES;
				CLANG_WARN_EMPTY_BODY = YES;
				CLANG_WARN_ENUM_CONVERSION = YES;
				CLANG_WARN_INFINITE_RECURSION = YES;
				CLANG_WARN_INT_CONVERSION = YES;
				CLANG_WARN_NON_LITERAL_NULL_CONVERSION = YES;
				CLANG_WARN_OBJC_IMPLICIT_RETAIN_SELF = YES;
				CLANG_WARN_OBJC_LITERAL_CONVERSION = YES;
				CLANG_WARN_OBJC_ROOT_CLASS = YES_ERROR;
				CLANG_WARN_QUOTED_INCLUDE_IN_FRAMEWORK_HEADER = YES;
				CLANG_WARN_RANGE_LOOP_ANALYSIS = YES;
				CLANG_WARN_STRICT_PROTOTYPES = YES;
				CLANG_WARN_SUSPICIOUS_MOVE = YES;
				CLANG_WARN_UNGUARDED_AVAILABILITY = YES_AGGRESSIVE;
				CLANG_WARN_UNREACHABLE_CODE = YES;
				CLANG_WARN__DUPLICATE_METHOD_MATCH = YES;
				COPY_PHASE_STRIP = NO;
				DEBUG_INFORMATION_FORMAT = dwarf;
				DEVELOPMENT_TEAM = 2YWU7BS8N9;
				ENABLE_STRICT_OBJC_MSGSEND = YES;
				ENABLE_TESTABILITY = YES;
				ENABLE_USER_SCRIPT_SANDBOXING = YES;
				GCC_C_LANGUAGE_STANDARD = gnu17;
				GCC_DYNAMIC_NO_PIC = NO;
				GCC_NO_COMMON_BLOCKS = YES;
				GCC_OPTIMIZATION_LEVEL = 0;
				GCC_PREPROCESSOR_DEFINITIONS = (
					"DEBUG=1",
					"$(inherited)",
				);
				GCC_WARN_64_TO_32_BIT_CONVERSION = YES;
				GCC_WARN_ABOUT_RETURN_TYPE = YES_ERROR;
				GCC_WARN_UNDECLARED_SELECTOR = YES;
				GCC_WARN_UNINITIALIZED_AUTOS = YES_AGGRESSIVE;
				GCC_WARN_UNUSED_FUNCTION = YES;
				GCC_WARN_UNUSED_VARIABLE = YES;
				IPHONEOS_DEPLOYMENT_TARGET = 18.5;
				LOCALIZATION_PREFERS_STRING_CATALOGS = YES;
				MTL_ENABLE_DEBUG_INFO = INCLUDE_SOURCE;
				MTL_FAST_MATH = YES;
				ONLY_ACTIVE_ARCH = YES;
				SDKROOT = iphoneos;
			};
			name = Debug;
		};
		5E3DBFA42DE89DB5009274AC /* Release */ = {
			isa = XCBuildConfiguration;
			buildSettings = {
				ALWAYS_SEARCH_USER_PATHS = NO;
				ASSETCATALOG_COMPILER_GENERATE_SWIFT_ASSET_SYMBOL_EXTENSIONS = YES;
				CLANG_ANALYZER_NONNULL = YES;
				CLANG_ANALYZER_NUMBER_OBJECT_CONVERSION = YES_AGGRESSIVE;
				CLANG_CXX_LANGUAGE_STANDARD = "gnu++20";
				CLANG_ENABLE_MODULES = YES;
				CLANG_ENABLE_OBJC_ARC = YES;
				CLANG_ENABLE_OBJC_WEAK = YES;
				CLANG_WARN_BLOCK_CAPTURE_AUTORELEASING = YES;
				CLANG_WARN_BOOL_CONVERSION = YES;
				CLANG_WARN_COMMA = YES;
				CLANG_WARN_CONSTANT_CONVERSION = YES;
				CLANG_WARN_DEPRECATED_OBJC_IMPLEMENTATIONS = YES;
				CLANG_WARN_DIRECT_OBJC_ISA_USAGE = YES_ERROR;
				CLANG_WARN_DOCUMENTATION_COMMENTS = YES;
				CLANG_WARN_EMPTY_BODY = YES;
				CLANG_WARN_ENUM_CONVERSION = YES;
				CLANG_WARN_INFINITE_RECURSION = YES;
				CLANG_WARN_INT_CONVERSION = YES;
				CLANG_WARN_NON_LITERAL_NULL_CONVERSION = YES;
				CLANG_WARN_OBJC_IMPLICIT_RETAIN_SELF = YES;
				CLANG_WARN_OBJC_LITERAL_CONVERSION = YES;
				CLANG_WARN_OBJC_ROOT_CLASS = YES_ERROR;
				CLANG_WARN_QUOTED_INCLUDE_IN_FRAMEWORK_HEADER = YES;
				CLANG_WARN_RANGE_LOOP_ANALYSIS = YES;
				CLANG_WARN_STRICT_PROTOTYPES = YES;
				CLANG_WARN_SUSPICIOUS_MOVE = YES;
				CLANG_WARN_UNGUARDED_AVAILABILITY = YES_AGGRESSIVE;
				CLANG_WARN_UNREACHABLE_CODE = YES;
				CLANG_WARN__DUPLICATE_METHOD_MATCH = YES;
				COPY_PHASE_STRIP = NO;
				DEBUG_INFORMATION_FORMAT = "dwarf-with-dsym";
				DEVELOPMENT_TEAM = 2YWU7BS8N9;
				ENABLE_NS_ASSERTIONS = NO;
				ENABLE_STRICT_OBJC_MSGSEND = YES;
				ENABLE_USER_SCRIPT_SANDBOXING = YES;
				GCC_C_LANGUAGE_STANDARD = gnu17;
				GCC_NO_COMMON_BLOCKS = YES;
				GCC_WARN_64_TO_32_BIT_CONVERSION = YES;
				GCC_WARN_ABOUT_RETURN_TYPE = YES_ERROR;
				GCC_WARN_UNDECLARED_SELECTOR = YES;
				GCC_WARN_UNINITIALIZED_AUTOS = YES_AGGRESSIVE;
				GCC_WARN_UNUSED_FUNCTION = YES;
				GCC_WARN_UNUSED_VARIABLE = YES;
				IPHONEOS_DEPLOYMENT_TARGET = 18.5;
				LOCALIZATION_PREFERS_STRING_CATALOGS = YES;
				MTL_ENABLE_DEBUG_INFO = NO;
				MTL_FAST_MATH = YES;
				SDKROOT = iphoneos;
				VALIDATE_PRODUCT = YES;
			};
			name = Release;
		};
		5E3DBFA62DE89DB5009274AC /* Debug */ = {
			isa = XCBuildConfiguration;
			baseConfigurationReference = C02447390DB7149D7F96A1E0 /* Pods-godot-google-signin-ios.debug.xcconfig */;
			buildSettings = {
				BUILD_LIBRARY_FOR_DISTRIBUTION = YES;
				CLANG_CXX_LANGUAGE_STANDARD = "gnu++17";
				CODE_SIGN_STYLE = Automatic;
				DEVELOPMENT_TEAM = 2YWU7BS8N9;
				GCC_ENABLE_CPP_EXCEPTIONS = NO;
				GCC_ENABLE_CPP_RTTI = YES;
				HEADER_SEARCH_PATHS = (
					"${PROJECT_DIR}/godot/platform/ios",
					"${PROJECT_DIR}/godot",
					"$(inherited)",
				);
				IPHONEOS_DEPLOYMENT_TARGET = 13;
				LIBRARY_SEARCH_PATHS = (
					"${PROJECT_DIR}/bin",
					"$(inherited)",
				);
				OTHER_CFLAGS = (
					"-fcxx-modules",
					"-fmodules",
					"-DDEBUG_MEMORY_ALLOC",
					"-DDEBUG=1",
					"-DDEBUG_ENABLED",
					"-D_DEBUG",
					"-DDISABLE_FORCED_INLINE",
				);
				OTHER_LDFLAGS = (
					"-ObjC",
					"$(inherited)",
				);
				PRODUCT_NAME = "$(TARGET_NAME)";
				SKIP_INSTALL = NO;
				TARGETED_DEVICE_FAMILY = "1,2";
			};
			name = Debug;
		};
		5E3DBFA72DE89DB5009274AC /* Release */ = {
			isa = XCBuildConfiguration;
			baseConfigurationReference = 510B683D4E2E82E168CD1095 /* Pods-godot-google-signin-ios.release.xcconfig */;
			buildSettings = {
				BUILD_LIBRARY_FOR_DISTRIBUTION = YES;
				CLANG_CXX_LANGUAGE_STANDARD = "gnu++17";
				CODE_SIGN_STYLE = Automatic;
				DEVELOPMENT_TEAM = 2YWU7BS8N9;
				GCC_ENABLE_CPP_EXCEPTIONS = NO;
				GCC_ENABLE_CPP_RTTI = YES;
				HEADER_SEARCH_PATHS = (
					"${PROJECT_DIR}/godot/platform/ios",
					"${PROJECT_DIR}/godot",
					"$(inherited)",
				);
				IPHONEOS_DEPLOYMENT_TARGET = 13;
				LIBRARY_SEARCH_PATHS = (
					"${PROJECT_DIR}/bin",
					"$(inherited)",
				);
				OTHER_CFLAGS = (
					"-fcxx-modules",
					"-fmodules",
					"-DNDEBUG",
					"-DNS_BLOCK_ASSERTIONS=1",
				);
				OTHER_LDFLAGS = (
					"-ObjC",
					"$(inherited)",
				);
				PRODUCT_NAME = "$(TARGET_NAME)";
				SKIP_INSTALL = NO;
				TARGETED_DEVICE_FAMILY = "1,2";
			};
			name = Release;
		};
/* End XCBuildConfiguration section */

/* Begin XCConfigurationList section */
		5E3DBF962DE89DB5009274AC /* Build configuration list for PBXProject "godot-google-signin-ios" */ = {
			isa = XCConfigurationList;
			buildConfigurations = (
				5E3DBFA32DE89DB5009274AC /* Debug */,
				5E3DBFA42DE89DB5009274AC /* Release */,
			);
			defaultConfigurationIsVisible = 0;
			defaultConfigurationName = Release;
		};
		5E3DBFA52DE89DB5009274AC /* Build configuration list for PBXNativeTarget "godot-google-signin-ios" */ = {
			isa = XCConfigurationList;
			buildConfigurations = (
				5E3DBFA62DE89DB5009274AC /* Debug */,
				5E3DBFA72DE89DB5009274AC /* Release */,
			);
			defaultConfigurationIsVisible = 0;
			defaultConfigurationName = Release;
		};
/* End XCConfigurationList section */
	};
	rootObject = 5E3DBF932DE89DB5009274AC /* Project object */;
}
